
Microsoft Visual Studio Solution File, Format Version 12.00
Project("{FAE04EC0-301F-11D3-BF4B-00C04F79EFBC}") = "HumanResourceManagementSystem.Application", "src\HumanResourceManagementSystem.Application\HumanResourceManagementSystem.Application.csproj", "{69DDBBDF-BA6C-433A-BD4A-98006C25FB3F}"
EndProject
Project("{FAE04EC0-301F-11D3-BF4B-00C04F79EFBC}") = "HumanResourceManagementSystem.Domain", "src\HumanResourceManagementSystem.Domain\HumanResourceManagementSystem.Domain.csproj", "{7F67C86C-8130-43F5-839E-79E671391D8C}"
EndProject
Project("{FAE04EC0-301F-11D3-BF4B-00C04F79EFBC}") = "HumanResourceManagementSystem.Infrastructure", "src\HumanResourceManagementSystem.Infrastructure\HumanResourceManagementSystem.Infrastructure.csproj", "{42848CFB-2473-4321-9317-D6942816DE2D}"
EndProject
Project("{FAE04EC0-301F-11D3-BF4B-00C04F79EFBC}") = "HumanResourceManagementSystem.Persistence", "src\HumanResourceManagementSystem.Persistence\HumanResourceManagementSystem.Persistence.csproj", "{956D48FD-B05B-470E-9575-B44C32F3A681}"
EndProject
Project("{FAE04EC0-301F-11D3-BF4B-00C04F79EFBC}") = "HumanResourceManagementSystem.WebApi", "src\HumanResourceManagementSystem.WebApi\HumanResourceManagementSystem.WebApi.csproj", "{A996DC3D-D247-4A83-AFC4-1053DCBE5ABB}"
EndProject
Global
	GlobalSection(SolutionConfigurationPlatforms) = preSolution
		Debug|Any CPU = Debug|Any CPU
		Release|Any CPU = Release|Any CPU
	EndGlobalSection
	GlobalSection(ProjectConfigurationPlatforms) = postSolution
		{69DDBBDF-BA6C-433A-BD4A-98006C25FB3F}.Debug|Any CPU.ActiveCfg = Debug|Any CPU
		{69DDBBDF-BA6C-433A-BD4A-98006C25FB3F}.Debug|Any CPU.Build.0 = Debug|Any CPU
		{69DDBBDF-BA6C-433A-BD4A-98006C25FB3F}.Release|Any CPU.ActiveCfg = Release|Any CPU
		{69DDBBDF-BA6C-433A-BD4A-98006C25FB3F}.Release|Any CPU.Build.0 = Release|Any CPU
		{7F67C86C-8130-43F5-839E-79E671391D8C}.Debug|Any CPU.ActiveCfg = Debug|Any CPU
		{7F67C86C-8130-43F5-839E-79E671391D8C}.Debug|Any CPU.Build.0 = Debug|Any CPU
		{7F67C86C-8130-43F5-839E-79E671391D8C}.Release|Any CPU.ActiveCfg = Release|Any CPU
		{7F67C86C-8130-43F5-839E-79E671391D8C}.Release|Any CPU.Build.0 = Release|Any CPU
		{42848CFB-2473-4321-9317-D6942816DE2D}.Debug|Any CPU.ActiveCfg = Debug|Any CPU
		{42848CFB-2473-4321-9317-D6942816DE2D}.Debug|Any CPU.Build.0 = Debug|Any CPU
		{42848CFB-2473-4321-9317-D6942816DE2D}.Release|Any CPU.ActiveCfg = Release|Any CPU
		{42848CFB-2473-4321-9317-D6942816DE2D}.Release|Any CPU.Build.0 = Release|Any CPU
		{956D48FD-B05B-470E-9575-B44C32F3A681}.Debug|Any CPU.ActiveCfg = Debug|Any CPU
		{956D48FD-B05B-470E-9575-B44C32F3A681}.Debug|Any CPU.Build.0 = Debug|Any CPU
		{956D48FD-B05B-470E-9575-B44C32F3A681}.Release|Any CPU.ActiveCfg = Release|Any CPU
		{956D48FD-B05B-470E-9575-B44C32F3A681}.Release|Any CPU.Build.0 = Release|Any CPU
		{A996DC3D-D247-4A83-AFC4-1053DCBE5ABB}.Debug|Any CPU.ActiveCfg = Debug|Any CPU
		{A996DC3D-D247-4A83-AFC4-1053DCBE5ABB}.Debug|Any CPU.Build.0 = Debug|Any CPU
		{A996DC3D-D247-4A83-AFC4-1053DCBE5ABB}.Release|Any CPU.ActiveCfg = Release|Any CPU
		{A996DC3D-D247-4A83-AFC4-1053DCBE5ABB}.Release|Any CPU.Build.0 = Release|Any CPU
	EndGlobalSection
EndGlobal
